// !$*UTF8*$!
{
	archiveVersion = 1;
	classes = {
	};
	objectVersion = 50;
	objects = {

/* Begin PBXBuildFile section */
		C698994025C8E6C0007960CA /* AppDelegate.swift in Sources */ = {isa = PBXBuildFile; fileRef = C698993F25C8E6C0007960CA /* AppDelegate.swift */; };
		C698994225C8E6C0007960CA /* SceneDelegate.swift in Sources */ = {isa = PBXBuildFile; fileRef = C698994125C8E6C0007960CA /* SceneDelegate.swift */; };
		C698994425C8E6C0007960CA /* ViewController.swift in Sources */ = {isa = PBXBuildFile; fileRef = C698994325C8E6C0007960CA /* ViewController.swift */; };
		C698994725C8E6C0007960CA /* Main.storyboard in Resources */ = {isa = PBXBuildFile; fileRef = C698994525C8E6C0007960CA /* Main.storyboard */; };
		C698994925C8E6C2007960CA /* Assets.xcassets in Resources */ = {isa = PBXBuildFile; fileRef = C698994825C8E6C2007960CA /* Assets.xcassets */; };
		C698994C25C8E6C2007960CA /* LaunchScreen.storyboard in Resources */ = {isa = PBXBuildFile; fileRef = C698994A25C8E6C2007960CA /* LaunchScreen.storyboard */; };
		C698997625C8E76E007960CA /* WidgetKit.framework in Frameworks */ = {isa = PBXBuildFile; fileRef = C698995B25C8E70F007960CA /* WidgetKit.framework */; };
		C698997725C8E76E007960CA /* SwiftUI.framework in Frameworks */ = {isa = PBXBuildFile; fileRef = C698995D25C8E70F007960CA /* SwiftUI.framework */; };
		C698997A25C8E76E007960CA /* WidgetExtension.swift in Sources */ = {isa = PBXBuildFile; fileRef = C698997925C8E76E007960CA /* WidgetExtension.swift */; };
		C698997C25C8E770007960CA /* Assets.xcassets in Resources */ = {isa = PBXBuildFile; fileRef = C698997B25C8E770007960CA /* Assets.xcassets */; };
		C698998025C8E770007960CA /* WidgetExtension.appex in Embed App Extensions */ = {isa = PBXBuildFile; fileRef = C698997525C8E76E007960CA /* WidgetExtension.appex */; settings = {ATTRIBUTES = (RemoveHeadersOnCopy, ); }; };
/* End PBXBuildFile section */

/* Begin PBXContainerItemProxy section */
		C698997E25C8E770007960CA /* PBXContainerItemProxy */ = {
			isa = PBXContainerItemProxy;
			containerPortal = C698993425C8E6C0007960CA /* Project object */;
			proxyType = 1;
			remoteGlobalIDString = C698997425C8E76E007960CA;
			remoteInfo = WidgetExtensionExtension;
		};
/* End PBXContainerItemProxy section */

/* Begin PBXCopyFilesBuildPhase section */
		C698996B25C8E711007960CA /* Embed App Extensions */ = {
			isa = PBXCopyFilesBuildPhase;
			buildActionMask = 2147483647;
			dstPath = "";
			dstSubfolderSpec = 13;
			files = (
				C698998025C8E770007960CA /* WidgetExtension.appex in Embed App Extensions */,
			);
			name = "Embed App Extensions";
			runOnlyForDeploymentPostprocessing = 0;
		};
/* End PBXCopyFilesBuildPhase section */

/* Begin PBXFileReference section */
		C698993C25C8E6C0007960CA /* Dimensions.app */ = {isa = PBXFileReference; explicitFileType = wrapper.application; includeInIndex = 0; path = Dimensions.app; sourceTree = BUILT_PRODUCTS_DIR; };
		C698993F25C8E6C0007960CA /* AppDelegate.swift */ = {isa = PBXFileReference; lastKnownFileType = sourcecode.swift; path = AppDelegate.swift; sourceTree = "<group>"; };
		C698994125C8E6C0007960CA /* SceneDelegate.swift */ = {isa = PBXFileReference; lastKnownFileType = sourcecode.swift; path = SceneDelegate.swift; sourceTree = "<group>"; };
		C698994325C8E6C0007960CA /* ViewController.swift */ = {isa = PBXFileReference; lastKnownFileType = sourcecode.swift; path = ViewController.swift; sourceTree = "<group>"; };
		C698994625C8E6C0007960CA /* Base */ = {isa = PBXFileReference; lastKnownFileType = file.storyboard; name = Base; path = Base.lproj/Main.storyboard; sourceTree = "<group>"; };
		C698994825C8E6C2007960CA /* Assets.xcassets */ = {isa = PBXFileReference; lastKnownFileType = folder.assetcatalog; path = Assets.xcassets; sourceTree = "<group>"; };
		C698994B25C8E6C2007960CA /* Base */ = {isa = PBXFileReference; lastKnownFileType = file.storyboard; name = Base; path = Base.lproj/LaunchScreen.storyboard; sourceTree = "<group>"; };
		C698994D25C8E6C2007960CA /* Info.plist */ = {isa = PBXFileReference; lastKnownFileType = text.plist.xml; path = Info.plist; sourceTree = "<group>"; };
		C698995B25C8E70F007960CA /* WidgetKit.framework */ = {isa = PBXFileReference; lastKnownFileType = wrapper.framework; name = WidgetKit.framework; path = System/Library/Frameworks/WidgetKit.framework; sourceTree = SDKROOT; };
		C698995D25C8E70F007960CA /* SwiftUI.framework */ = {isa = PBXFileReference; lastKnownFileType = wrapper.framework; name = SwiftUI.framework; path = System/Library/Frameworks/SwiftUI.framework; sourceTree = SDKROOT; };
		C698997525C8E76E007960CA /* WidgetExtension.appex */ = {isa = PBXFileReference; explicitFileType = "wrapper.app-extension"; includeInIndex = 0; path = WidgetExtension.appex; sourceTree = BUILT_PRODUCTS_DIR; };
		C698997925C8E76E007960CA /* WidgetExtension.swift */ = {isa = PBXFileReference; lastKnownFileType = sourcecode.swift; path = WidgetExtension.swift; sourceTree = "<group>"; };
		C698997B25C8E770007960CA /* Assets.xcassets */ = {isa = PBXFileReference; lastKnownFileType = folder.assetcatalog; path = Assets.xcassets; sourceTree = "<group>"; };
		C698997D25C8E770007960CA /* Info.plist */ = {isa = PBXFileReference; lastKnownFileType = text.plist.xml; path = Info.plist; sourceTree = "<group>"; };
/* End PBXFileReference section */

/* Begin PBXFrameworksBuildPhase section */
		C698993925C8E6C0007960CA /* Frameworks */ = {
			isa = PBXFrameworksBuildPhase;
			buildActionMask = 2147483647;
			files = (
			);
			runOnlyForDeploymentPostprocessing = 0;
		};
		C698997225C8E76E007960CA /* Frameworks */ = {
			isa = PBXFrameworksBuildPhase;
			buildActionMask = 2147483647;
			files = (
				C698997725C8E76E007960CA /* SwiftUI.framework in Frameworks */,
				C698997625C8E76E007960CA /* WidgetKit.framework in Frameworks */,
			);
			runOnlyForDeploymentPostprocessing = 0;
		};
/* End PBXFrameworksBuildPhase section */

/* Begin PBXGroup section */
		C698993325C8E6C0007960CA = {
			isa = PBXGroup;
			children = (
				C698993E25C8E6C0007960CA /* Dimensions */,
				C698997825C8E76E007960CA /* WidgetExtension */,
				C698995A25C8E70F007960CA /* Frameworks */,
				C698993D25C8E6C0007960CA /* Products */,
			);
			sourceTree = "<group>";
		};
		C698993D25C8E6C0007960CA /* Products */ = {
			isa = PBXGroup;
			children = (
				C698993C25C8E6C0007960CA /* Dimensions.app */,
				C698997525C8E76E007960CA /* WidgetExtension.appex */,
			);
			name = Products;
			sourceTree = "<group>";
		};
		C698993E25C8E6C0007960CA /* Dimensions */ = {
			isa = PBXGroup;
			children = (
				C698993F25C8E6C0007960CA /* AppDelegate.swift */,
				C698994125C8E6C0007960CA /* SceneDelegate.swift */,
				C698994325C8E6C0007960CA /* ViewController.swift */,
				C698994525C8E6C0007960CA /* Main.storyboard */,
				C698994825C8E6C2007960CA /* Assets.xcassets */,
				C698994A25C8E6C2007960CA /* LaunchScreen.storyboard */,
				C698994D25C8E6C2007960CA /* Info.plist */,
			);
			path = Dimensions;
			sourceTree = "<group>";
		};
		C698995A25C8E70F007960CA /* Frameworks */ = {
			isa = PBXGroup;
			children = (
				C698995B25C8E70F007960CA /* WidgetKit.framework */,
				C698995D25C8E70F007960CA /* SwiftUI.framework */,
			);
			name = Frameworks;
			sourceTree = "<group>";
		};
		C698997825C8E76E007960CA /* WidgetExtension */ = {
			isa = PBXGroup;
			children = (
				C698997925C8E76E007960CA /* WidgetExtension.swift */,
				C698997B25C8E770007960CA /* Assets.xcassets */,
				C698997D25C8E770007960CA /* Info.plist */,
			);
			path = WidgetExtension;
			sourceTree = "<group>";
		};
/* End PBXGroup section */

/* Begin PBXNativeTarget section */
		C698993B25C8E6C0007960CA /* Dimensions */ = {
			isa = PBXNativeTarget;
			buildConfigurationList = C698995025C8E6C2007960CA /* Build configuration list for PBXNativeTarget "Dimensions" */;
			buildPhases = (
				C698993825C8E6C0007960CA /* Sources */,
				C698993925C8E6C0007960CA /* Frameworks */,
				C698993A25C8E6C0007960CA /* Resources */,
				C698996B25C8E711007960CA /* Embed App Extensions */,
			);
			buildRules = (
			);
			dependencies = (
				C698997F25C8E770007960CA /* PBXTargetDependency */,
			);
			name = Dimensions;
			productName = Dimensions;
			productReference = C698993C25C8E6C0007960CA /* Dimensions.app */;
			productType = "com.apple.product-type.application";
		};
		C698997425C8E76E007960CA /* WidgetExtension */ = {
			isa = PBXNativeTarget;
			buildConfigurationList = C698998125C8E770007960CA /* Build configuration list for PBXNativeTarget "WidgetExtension" */;
			buildPhases = (
				C698997125C8E76E007960CA /* Sources */,
				C698997225C8E76E007960CA /* Frameworks */,
				C698997325C8E76E007960CA /* Resources */,
			);
			buildRules = (
			);
			dependencies = (
			);
			name = WidgetExtension;
			productName = WidgetExtensionExtension;
			productReference = C698997525C8E76E007960CA /* WidgetExtension.appex */;
			productType = "com.apple.product-type.app-extension";
		};
/* End PBXNativeTarget section */

/* Begin PBXProject section */
		C698993425C8E6C0007960CA /* Project object */ = {
			isa = PBXProject;
			attributes = {
				LastSwiftUpdateCheck = 1230;
				LastUpgradeCheck = 1230;
				TargetAttributes = {
					C698993B25C8E6C0007960CA = {
						CreatedOnToolsVersion = 12.3;
					};
					C698997425C8E76E007960CA = {
						CreatedOnToolsVersion = 12.3;
					};
				};
			};
			buildConfigurationList = C698993725C8E6C0007960CA /* Build configuration list for PBXProject "Dimensions" */;
			compatibilityVersion = "Xcode 9.3";
			developmentRegion = en;
			hasScannedForEncodings = 0;
			knownRegions = (
				en,
				Base,
			);
			mainGroup = C698993325C8E6C0007960CA;
			productRefGroup = C698993D25C8E6C0007960CA /* Products */;
			projectDirPath = "";
			projectRoot = "";
			targets = (
				C698993B25C8E6C0007960CA /* Dimensions */,
				C698997425C8E76E007960CA /* WidgetExtension */,
			);
		};
/* End PBXProject section */

/* Begin PBXResourcesBuildPhase section */
		C698993A25C8E6C0007960CA /* Resources */ = {
			isa = PBXResourcesBuildPhase;
			buildActionMask = 2147483647;
			files = (
				C698994C25C8E6C2007960CA /* LaunchScreen.storyboard in Resources */,
				C698994925C8E6C2007960CA /* Assets.xcassets in Resources */,
				C698994725C8E6C0007960CA /* Main.storyboard in Resources */,
			);
			runOnlyForDeploymentPostprocessing = 0;
		};
		C698997325C8E76E007960CA /* Resources */ = {
			isa = PBXResourcesBuildPhase;
			buildActionMask = 2147483647;
			files = (
				C698997C25C8E770007960CA /* Assets.xcassets in Resources */,
			);
			runOnlyForDeploymentPostprocessing = 0;
		};
/* End PBXResourcesBuildPhase section */

/* Begin PBXSourcesBuildPhase section */
		C698993825C8E6C0007960CA /* Sources */ = {
			isa = PBXSourcesBuildPhase;
			buildActionMask = 2147483647;
			files = (
				C698994425C8E6C0007960CA /* ViewController.swift in Sources */,
				C698994025C8E6C0007960CA /* AppDelegate.swift in Sources */,
				C698994225C8E6C0007960CA /* SceneDelegate.swift in Sources */,
			);
			runOnlyForDeploymentPostprocessing = 0;
		};
		C698997125C8E76E007960CA /* Sources */ = {
			isa = PBXSourcesBuildPhase;
			buildActionMask = 2147483647;
			files = (
				C698997A25C8E76E007960CA /* WidgetExtension.swift in Sources */,
			);
			runOnlyForDeploymentPostprocessing = 0;
		};
/* End PBXSourcesBuildPhase section */

/* Begin PBXTargetDependency section */
		C698997F25C8E770007960CA /* PBXTargetDependency */ = {
			isa = PBXTargetDependency;
			target = C698997425C8E76E007960CA /* WidgetExtension */;
			targetProxy = C698997E25C8E770007960CA /* PBXContainerItemProxy */;
		};
/* End PBXTargetDependency section */

/* Begin PBXVariantGroup section */
		C698994525C8E6C0007960CA /* Main.storyboard */ = {
			isa = PBXVariantGroup;
			children = (
				C698994625C8E6C0007960CA /* Base */,
			);
			name = Main.storyboard;
			sourceTree = "<group>";
		};
		C698994A25C8E6C2007960CA /* LaunchScreen.storyboard */ = {
			isa = PBXVariantGroup;
			children = (
				C698994B25C8E6C2007960CA /* Base */,
			);
			name = LaunchScreen.storyboard;
			sourceTree = "<group>";
		};
/* End PBXVariantGroup section */

/* Begin XCBuildConfiguration section */
		C698994E25C8E6C2007960CA /* Debug */ = {
			isa = XCBuildConfiguration;
			buildSettings = {
				ALWAYS_SEARCH_USER_PATHS = NO;
				CLANG_ANALYZER_NONNULL = YES;
				CLANG_ANALYZER_NUMBER_OBJECT_CONVERSION = YES_AGGRESSIVE;
				CLANG_CXX_LANGUAGE_STANDARD = "gnu++14";
				CLANG_CXX_LIBRARY = "libc++";
				CLANG_ENABLE_MODULES = YES;
				CLANG_ENABLE_OBJC_ARC = YES;
				CLANG_ENABLE_OBJC_WEAK = YES;
				CLANG_WARN_BLOCK_CAPTURE_AUTORELEASING = YES;
				CLANG_WARN_BOOL_CONVERSION = YES;
				CLANG_WARN_COMMA = YES;
				CLANG_WARN_CONSTANT_CONVERSION = YES;
				CLANG_WARN_DEPRECATED_OBJC_IMPLEMENTATIONS = YES;
				CLANG_WARN_DIRECT_OBJC_ISA_USAGE = YES_ERROR;
				CLANG_WARN_DOCUMENTATION_COMMENTS = YES;
				CLANG_WARN_EMPTY_BODY = YES;
				CLANG_WARN_ENUM_CONVERSION = YES;
				CLANG_WARN_INFINITE_RECURSION = YES;
				CLANG_WARN_INT_CONVERSION = YES;
				CLANG_WARN_NON_LITERAL_NULL_CONVERSION = YES;
				CLANG_WARN_OBJC_IMPLICIT_RETAIN_SELF = YES;
				CLANG_WARN_OBJC_LITERAL_CONVERSION = YES;
				CLANG_WARN_OBJC_ROOT_CLASS = YES_ERROR;
				CLANG_WARN_QUOTED_INCLUDE_IN_FRAMEWORK_HEADER = YES;
				CLANG_WARN_RANGE_LOOP_ANALYSIS = YES;
				CLANG_WARN_STRICT_PROTOTYPES = YES;
				CLANG_WARN_SUSPICIOUS_MOVE = YES;
				CLANG_WARN_UNGUARDED_AVAILABILITY = YES_AGGRESSIVE;
				CLANG_WARN_UNREACHABLE_CODE = YES;
				CLANG_WARN__DUPLICATE_METHOD_MATCH = YES;
				COPY_PHASE_STRIP = NO;
				DEBUG_INFORMATION_FORMAT = dwarf;
				ENABLE_STRICT_OBJC_MSGSEND = YES;
				ENABLE_TESTABILITY = YES;
				GCC_C_LANGUAGE_STANDARD = gnu11;
				GCC_DYNAMIC_NO_PIC = NO;
				GCC_NO_COMMON_BLOCKS = YES;
				GCC_OPTIMIZATION_LEVEL = 0;
				GCC_PREPROCESSOR_DEFINITIONS = (
					"DEBUG=1",
					"$(inherited)",
				);
				GCC_WARN_64_TO_32_BIT_CONVERSION = YES;
				GCC_WARN_ABOUT_RETURN_TYPE = YES_ERROR;
				GCC_WARN_UNDECLARED_SELECTOR = YES;
				GCC_WARN_UNINITIALIZED_AUTOS = YES_AGGRESSIVE;
				GCC_WARN_UNUSED_FUNCTION = YES;
				GCC_WARN_UNUSED_VARIABLE = YES;
				IPHONEOS_DEPLOYMENT_TARGET = 14.3;
				MTL_ENABLE_DEBUG_INFO = INCLUDE_SOURCE;
				MTL_FAST_MATH = YES;
				ONLY_ACTIVE_ARCH = YES;
				SDKROOT = iphoneos;
				SWIFT_ACTIVE_COMPILATION_CONDITIONS = DEBUG;
				SWIFT_OPTIMIZATION_LEVEL = "-Onone";
			};
			name = Debug;
		};
		C698994F25C8E6C2007960CA /* Release */ = {
			isa = XCBuildConfiguration;
			buildSettings = {
				ALWAYS_SEARCH_USER_PATHS = NO;
				CLANG_ANALYZER_NONNULL = YES;
				CLANG_ANALYZER_NUMBER_OBJECT_CONVERSION = YES_AGGRESSIVE;
				CLANG_CXX_LANGUAGE_STANDARD = "gnu++14";
				CLANG_CXX_LIBRARY = "libc++";
				CLANG_ENABLE_MODULES = YES;
				CLANG_ENABLE_OBJC_ARC = YES;
				CLANG_ENABLE_OBJC_WEAK = YES;
				CLANG_WARN_BLOCK_CAPTURE_AUTORELEASING = YES;
				CLANG_WARN_BOOL_CONVERSION = YES;
				CLANG_WARN_COMMA = YES;
				CLANG_WARN_CONSTANT_CONVERSION = YES;
				CLANG_WARN_DEPRECATED_OBJC_IMPLEMENTATIONS = YES;
				CLANG_WARN_DIRECT_OBJC_ISA_USAGE = YES_ERROR;
				CLANG_WARN_DOCUMENTATION_COMMENTS = YES;
				CLANG_WARN_EMPTY_BODY = YES;
				CLANG_WARN_ENUM_CONVERSION = YES;
				CLANG_WARN_INFINITE_RECURSION = YES;
				CLANG_WARN_INT_CONVERSION = YES;
				CLANG_WARN_NON_LITERAL_NULL_CONVERSION = YES;
				CLANG_WARN_OBJC_IMPLICIT_RETAIN_SELF = YES;
				CLANG_WARN_OBJC_LITERAL_CONVERSION = YES;
				CLANG_WARN_OBJC_ROOT_CLASS = YES_ERROR;
				CLANG_WARN_QUOTED_INCLUDE_IN_FRAMEWORK_HEADER = YES;
				CLANG_WARN_RANGE_LOOP_ANALYSIS = YES;
				CLANG_WARN_STRICT_PROTOTYPES = YES;
				CLANG_WARN_SUSPICIOUS_MOVE = YES;
				CLANG_WARN_UNGUARDED_AVAILABILITY = YES_AGGRESSIVE;
				CLANG_WARN_UNREACHABLE_CODE = YES;
				CLANG_WARN__DUPLICATE_METHOD_MATCH = YES;
				COPY_PHASE_STRIP = NO;
				DEBUG_INFORMATION_FORMAT = "dwarf-with-dsym";
				ENABLE_NS_ASSERTIONS = NO;
				ENABLE_STRICT_OBJC_MSGSEND = YES;
				GCC_C_LANGUAGE_STANDARD = gnu11;
				GCC_NO_COMMON_BLOCKS = YES;
				GCC_WARN_64_TO_32_BIT_CONVERSION = YES;
				GCC_WARN_ABOUT_RETURN_TYPE = YES_ERROR;
				GCC_WARN_UNDECLARED_SELECTOR = YES;
				GCC_WARN_UNINITIALIZED_AUTOS = YES_AGGRESSIVE;
				GCC_WARN_UNUSED_FUNCTION = YES;
				GCC_WARN_UNUSED_VARIABLE = YES;
				IPHONEOS_DEPLOYMENT_TARGET = 14.3;
				MTL_ENABLE_DEBUG_INFO = NO;
				MTL_FAST_MATH = YES;
				SDKROOT = iphoneos;
				SWIFT_COMPILATION_MODE = wholemodule;
				SWIFT_OPTIMIZATION_LEVEL = "-O";
				VALIDATE_PRODUCT = YES;
			};
			name = Release;
		};
		C698995125C8E6C2007960CA /* Debug */ = {
			isa = XCBuildConfiguration;
			buildSettings = {
				ALWAYS_EMBED_SWIFT_STANDARD_LIBRARIES = YES;
				ASSETCATALOG_COMPILER_APPICON_NAME = AppIcon;
				ASSETCATALOG_COMPILER_GLOBAL_ACCENT_COLOR_NAME = AccentColor;
				CODE_SIGN_STYLE = Automatic;
				DEVELOPMENT_TEAM = 69534664UJ;
				INFOPLIST_FILE = Dimensions/Info.plist;
				IPHONEOS_DEPLOYMENT_TARGET = 14.0;
				LD_RUNPATH_SEARCH_PATHS = (
					"$(inherited)",
					"@executable_path/Frameworks",
				);
				PRODUCT_BUNDLE_IDENTIFIER = com.mangoworks.Dimensions;
				PRODUCT_NAME = "$(TARGET_NAME)";
				SWIFT_VERSION = 5.0;
				TARGETED_DEVICE_FAMILY = "1,2";
			};
			name = Debug;
		};
		C698995225C8E6C2007960CA /* Release */ = {
			isa = XCBuildConfiguration;
			buildSettings = {
				ALWAYS_EMBED_SWIFT_STANDARD_LIBRARIES = YES;
				ASSETCATALOG_COMPILER_APPICON_NAME = AppIcon;
				ASSETCATALOG_COMPILER_GLOBAL_ACCENT_COLOR_NAME = AccentColor;
				CODE_SIGN_STYLE = Automatic;
				DEVELOPMENT_TEAM = 69534664UJ;
				INFOPLIST_FILE = Dimensions/Info.plist;
				IPHONEOS_DEPLOYMENT_TARGET = 14.0;
				LD_RUNPATH_SEARCH_PATHS = (
					"$(inherited)",
					"@executable_path/Frameworks",
				);
				PRODUCT_BUNDLE_IDENTIFIER = com.mangoworks.Dimensions;
				PRODUCT_NAME = "$(TARGET_NAME)";
				SWIFT_VERSION = 5.0;
				TARGETED_DEVICE_FAMILY = "1,2";
			};
			name = Release;
		};
		C698998225C8E770007960CA /* Debug */ = {
			isa = XCBuildConfiguration;
			buildSettings = {
				ASSETCATALOG_COMPILER_GLOBAL_ACCENT_COLOR_NAME = AccentColor;
				ASSETCATALOG_COMPILER_WIDGET_BACKGROUND_COLOR_NAME = WidgetBackground;
				CODE_SIGN_STYLE = Automatic;
				DEVELOPMENT_TEAM = 69534664UJ;
				INFOPLIST_FILE = WidgetExtension/Info.plist;
				IPHONEOS_DEPLOYMENT_TARGET = 14.0;
				LD_RUNPATH_SEARCH_PATHS = (
					"$(inherited)",
					"@executable_path/Frameworks",
					"@executable_path/../../Frameworks",
				);
				PRODUCT_BUNDLE_IDENTIFIER = com.mangoworks.Dimensions.WidgetExtension;
				PRODUCT_NAME = "$(TARGET_NAME)";
				SKIP_INSTALL = YES;
				SWIFT_VERSION = 5.0;
				TARGETED_DEVICE_FAMILY = "1,2";
			};
			name = Debug;
		};
		C698998325C8E770007960CA /* Release */ = {
			isa = XCBuildConfiguration;
			buildSettings = {
				ASSETCATALOG_COMPILER_GLOBAL_ACCENT_COLOR_NAME = AccentColor;
				ASSETCATALOG_COMPILER_WIDGET_BACKGROUND_COLOR_NAME = WidgetBackground;
				CODE_SIGN_STYLE = Automatic;
				DEVELOPMENT_TEAM = 69534664UJ;
				INFOPLIST_FILE = WidgetExtension/Info.plist;
				IPHONEOS_DEPLOYMENT_TARGET = 14.0;
				LD_RUNPATH_SEARCH_PATHS = (
					"$(inherited)",
					"@executable_path/Frameworks",
					"@executable_path/../../Frameworks",
				);
				PRODUCT_BUNDLE_IDENTIFIER = com.mangoworks.Dimensions.WidgetExtension;
				PRODUCT_NAME = "$(TARGET_NAME)";
				SKIP_INSTALL = YES;
				SWIFT_VERSION = 5.0;
				TARGETED_DEVICE_FAMILY = "1,2";
			};
			name = Release;
		};
/* End XCBuildConfiguration section */

/* Begin XCConfigurationList section */
		C698993725C8E6C0007960CA /* Build configuration list for PBXProject "Dimensions" */ = {
			isa = XCConfigurationList;
			buildConfigurations = (
				C698994E25C8E6C2007960CA /* Debug */,
				C698994F25C8E6C2007960CA /* Release */,
			);
			defaultConfigurationIsVisible = 0;
			defaultConfigurationName = Release;
		};
		C698995025C8E6C2007960CA /* Build configuration list for PBXNativeTarget "Dimensions" */ = {
			isa = XCConfigurationList;
			buildConfigurations = (
				C698995125C8E6C2007960CA /* Debug */,
				C698995225C8E6C2007960CA /* Release */,
			);
			defaultConfigurationIsVisible = 0;
			defaultConfigurationName = Release;
		};
		C698998125C8E770007960CA /* Build configuration list for PBXNativeTarget "WidgetExtension" */ = {
			isa = XCConfigurationList;
			buildConfigurations = (
				C698998225C8E770007960CA /* Debug */,
				C698998325C8E770007960CA /* Release */,
			);
			defaultConfigurationIsVisible = 0;
			defaultConfigurationName = Release;
		};
/* End XCConfigurationList section */
	};
	rootObject = C698993425C8E6C0007960CA /* Project object */;
}
